
Microsoft Visual Studio Solution File, Format Version 12.00
# Visual Studio Version 16
VisualStudioVersion = 16.0.30406.217
MinimumVisualStudioVersion = 10.0.40219.1
Project("{FAE04EC0-301F-11D3-BF4B-00C04F79EFBC}") = "10_27_创建项目", "10_27_创建项目\10_27_创建项目.csproj", "{B40C0864-F013-4EB8-A9B9-AA1645C8E62B}"
EndProject
Project("{FAE04EC0-301F-11D3-BF4B-00C04F79EFBC}") = "02_输出", "02_输出\02_输出.csproj", "{DE3561F3-33E7-4FA0-8E91-7BB0A5194159}"
EndProject
Global
	GlobalSection(SolutionConfigurationPlatforms) = preSolution
		Debug|Any CPU = Debug|Any CPU
		Release|Any CPU = Release|Any CPU
	EndGlobalSection
	GlobalSection(ProjectConfigurationPlatforms) = postSolution
		{B40C0864-F013-4EB8-A9B9-AA1645C8E62B}.Debug|Any CPU.ActiveCfg = Debug|Any CPU
		{B40C0864-F013-4EB8-A9B9-AA1645C8E62B}.Debug|Any CPU.Build.0 = Debug|Any CPU
		{B40C0864-F013-4EB8-A9B9-AA1645C8E62B}.Release|Any CPU.ActiveCfg = Release|Any CPU
		{B40C0864-F013-4EB8-A9B9-AA1645C8E62B}.Release|Any CPU.Build.0 = Release|Any CPU
		{DE3561F3-33E7-4FA0-8E91-7BB0A5194159}.Debug|Any CPU.ActiveCfg = Debug|Any CPU
		{DE3561F3-33E7-4FA0-8E91-7BB0A5194159}.Debug|Any CPU.Build.0 = Debug|Any CPU
		{DE3561F3-33E7-4FA0-8E91-7BB0A5194159}.Release|Any CPU.ActiveCfg = Release|Any CPU
		{DE3561F3-33E7-4FA0-8E91-7BB0A5194159}.Release|Any CPU.Build.0 = Release|Any CPU
	EndGlobalSection
	GlobalSection(SolutionProperties) = preSolution
		HideSolutionNode = FALSE
	EndGlobalSection
	GlobalSection(ExtensibilityGlobals) = postSolution
		SolutionGuid = {3D2A1590-F2DC-404B-975D-55BB841B4E3A}
	EndGlobalSection
EndGlobal
